
Microsoft Visual Studio Solution File, Format Version 12.00
# Visual Studio Version 16
VisualStudioVersion = 16.0.29009.5
MinimumVisualStudioVersion = 10.0.40219.1
Project("{9A19103F-16F7-4668-BE54-9A1E7A4F7556}") = "Json_Converter", ".Net_Intern_Task\Json_Converter.csproj", "{6704AFB8-3367-44C8-9673-069313CBCB0D}"
EndProject
Global
	GlobalSection(SolutionConfigurationPlatforms) = preSolution
		Debug|Any CPU = Debug|Any CPU
		Release|Any CPU = Release|Any CPU
	EndGlobalSection
	GlobalSection(ProjectConfigurationPlatforms) = postSolution
		{6704AFB8-3367-44C8-9673-069313CBCB0D}.Debug|Any CPU.ActiveCfg = Debug|Any CPU
		{6704AFB8-3367-44C8-9673-069313CBCB0D}.Debug|Any CPU.Build.0 = Debug|Any CPU
		{6704AFB8-3367-44C8-9673-069313CBCB0D}.Release|Any CPU.ActiveCfg = Release|Any CPU
		{6704AFB8-3367-44C8-9673-069313CBCB0D}.Release|Any CPU.Build.0 = Release|Any CPU
	EndGlobalSection
	GlobalSection(SolutionProperties) = preSolution
		HideSolutionNode = FALSE
	EndGlobalSection
	GlobalSection(ExtensibilityGlobals) = postSolution
		SolutionGuid = {607F802D-3D3F-4573-B483-1F6DF9B5FAF3}
	EndGlobalSection
EndGlobal
